
Microsoft Visual Studio Solution File, Format Version 12.00
# Visual Studio 15
VisualStudioVersion = 15.0.28307.902
MinimumVisualStudioVersion = 10.0.40219.1
Project("{FAE04EC0-301F-11D3-BF4B-00C04F79EFBC}") = "AdventOfCode2019", "AdventOfCode2019\AdventOfCode2019.csproj", "{9F72107A-4D9C-4FB2-B600-4121D06FD64F}"
EndProject
Project("{FAE04EC0-301F-11D3-BF4B-00C04F79EFBC}") = "AdventOfCode2019.Tests", "AdventOfCode2019.Tests\AdventOfCode2019.Tests.csproj", "{E4B04CF6-D231-4766-B523-50C4422D3EFB}"
EndProject
Global
	GlobalSection(SolutionConfigurationPlatforms) = preSolution
		Debug|Any CPU = Debug|Any CPU
		Release|Any CPU = Release|Any CPU
	EndGlobalSection
	GlobalSection(ProjectConfigurationPlatforms) = postSolution
		{9F72107A-4D9C-4FB2-B600-4121D06FD64F}.Debug|Any CPU.ActiveCfg = Debug|Any CPU
		{9F72107A-4D9C-4FB2-B600-4121D06FD64F}.Debug|Any CPU.Build.0 = Debug|Any CPU
		{9F72107A-4D9C-4FB2-B600-4121D06FD64F}.Release|Any CPU.ActiveCfg = Release|Any CPU
		{9F72107A-4D9C-4FB2-B600-4121D06FD64F}.Release|Any CPU.Build.0 = Release|Any CPU
		{E4B04CF6-D231-4766-B523-50C4422D3EFB}.Debug|Any CPU.ActiveCfg = Debug|Any CPU
		{E4B04CF6-D231-4766-B523-50C4422D3EFB}.Debug|Any CPU.Build.0 = Debug|Any CPU
		{E4B04CF6-D231-4766-B523-50C4422D3EFB}.Release|Any CPU.ActiveCfg = Release|Any CPU
		{E4B04CF6-D231-4766-B523-50C4422D3EFB}.Release|Any CPU.Build.0 = Release|Any CPU
	EndGlobalSection
	GlobalSection(SolutionProperties) = preSolution
		HideSolutionNode = FALSE
	EndGlobalSection
	GlobalSection(ExtensibilityGlobals) = postSolution
		SolutionGuid = {4372EF50-4886-4070-B941-2ACE2BBC2996}
	EndGlobalSection
EndGlobal
